
Microsoft Visual Studio Solution File, Format Version 12.00
# Visual Studio Version 16
VisualStudioVersion = 16.0.32602.291
MinimumVisualStudioVersion = 10.0.40219.1
Project("{FAE04EC0-301F-11D3-BF4B-00C04F79EFBC}") = "LabRab3-sr-1", "LabRab3-sr-1\LabRab3-sr-1.csproj", "{B9FCED43-3988-446F-A50A-2E8DDD8A6F3E}"
EndProject
Global
	GlobalSection(SolutionConfigurationPlatforms) = preSolution
		Debug|Any CPU = Debug|Any CPU
		Release|Any CPU = Release|Any CPU
	EndGlobalSection
	GlobalSection(ProjectConfigurationPlatforms) = postSolution
		{B9FCED43-3988-446F-A50A-2E8DDD8A6F3E}.Debug|Any CPU.ActiveCfg = Debug|Any CPU
		{B9FCED43-3988-446F-A50A-2E8DDD8A6F3E}.Debug|Any CPU.Build.0 = Debug|Any CPU
		{B9FCED43-3988-446F-A50A-2E8DDD8A6F3E}.Release|Any CPU.ActiveCfg = Release|Any CPU
		{B9FCED43-3988-446F-A50A-2E8DDD8A6F3E}.Release|Any CPU.Build.0 = Release|Any CPU
	EndGlobalSection
	GlobalSection(SolutionProperties) = preSolution
		HideSolutionNode = FALSE
	EndGlobalSection
	GlobalSection(ExtensibilityGlobals) = postSolution
		SolutionGuid = {21A4EB72-F03D-4A6E-A771-3C07052E04F0}
	EndGlobalSection
EndGlobal
