
Microsoft Visual Studio Solution File, Format Version 12.00
# Visual Studio Version 16
VisualStudioVersion = 16.0.32602.291
MinimumVisualStudioVersion = 10.0.40219.1
Project("{FAE04EC0-301F-11D3-BF4B-00C04F79EFBC}") = "LabRab4-3", "LabRab4-3\LabRab4-3.csproj", "{EA1A0321-C993-4387-A6FC-CB4DB31BED70}"
EndProject
Global
	GlobalSection(SolutionConfigurationPlatforms) = preSolution
		Debug|Any CPU = Debug|Any CPU
		Release|Any CPU = Release|Any CPU
	EndGlobalSection
	GlobalSection(ProjectConfigurationPlatforms) = postSolution
		{EA1A0321-C993-4387-A6FC-CB4DB31BED70}.Debug|Any CPU.ActiveCfg = Debug|Any CPU
		{EA1A0321-C993-4387-A6FC-CB4DB31BED70}.Debug|Any CPU.Build.0 = Debug|Any CPU
		{EA1A0321-C993-4387-A6FC-CB4DB31BED70}.Release|Any CPU.ActiveCfg = Release|Any CPU
		{EA1A0321-C993-4387-A6FC-CB4DB31BED70}.Release|Any CPU.Build.0 = Release|Any CPU
	EndGlobalSection
	GlobalSection(SolutionProperties) = preSolution
		HideSolutionNode = FALSE
	EndGlobalSection
	GlobalSection(ExtensibilityGlobals) = postSolution
		SolutionGuid = {CE3CCEDB-6623-4ABD-B3B0-3DFC776B80D9}
	EndGlobalSection
EndGlobal
