
Microsoft Visual Studio Solution File, Format Version 12.00
# Visual Studio Version 16
VisualStudioVersion = 16.0.32602.291
MinimumVisualStudioVersion = 10.0.40219.1
Project("{FAE04EC0-301F-11D3-BF4B-00C04F79EFBC}") = "LabRab6-sr-2", "LabRab6-sr-2\LabRab6-sr-2.csproj", "{66FD03F3-D871-4184-A43A-62905A37000B}"
EndProject
Global
	GlobalSection(SolutionConfigurationPlatforms) = preSolution
		Debug|Any CPU = Debug|Any CPU
		Release|Any CPU = Release|Any CPU
	EndGlobalSection
	GlobalSection(ProjectConfigurationPlatforms) = postSolution
		{66FD03F3-D871-4184-A43A-62905A37000B}.Debug|Any CPU.ActiveCfg = Debug|Any CPU
		{66FD03F3-D871-4184-A43A-62905A37000B}.Debug|Any CPU.Build.0 = Debug|Any CPU
		{66FD03F3-D871-4184-A43A-62905A37000B}.Release|Any CPU.ActiveCfg = Release|Any CPU
		{66FD03F3-D871-4184-A43A-62905A37000B}.Release|Any CPU.Build.0 = Release|Any CPU
	EndGlobalSection
	GlobalSection(SolutionProperties) = preSolution
		HideSolutionNode = FALSE
	EndGlobalSection
	GlobalSection(ExtensibilityGlobals) = postSolution
		SolutionGuid = {AF6130F4-E89A-421B-9875-E7C825560483}
	EndGlobalSection
EndGlobal
