
Microsoft Visual Studio Solution File, Format Version 12.00
# Visual Studio Version 16
VisualStudioVersion = 16.0.32602.291
MinimumVisualStudioVersion = 10.0.40219.1
Project("{FAE04EC0-301F-11D3-BF4B-00C04F79EFBC}") = "LabRab4-sr-1", "LabRab4-sr-1\LabRab4-sr-1.csproj", "{AE462679-CB9C-4C98-95DE-1E4606B6E7F0}"
EndProject
Global
	GlobalSection(SolutionConfigurationPlatforms) = preSolution
		Debug|Any CPU = Debug|Any CPU
		Release|Any CPU = Release|Any CPU
	EndGlobalSection
	GlobalSection(ProjectConfigurationPlatforms) = postSolution
		{AE462679-CB9C-4C98-95DE-1E4606B6E7F0}.Debug|Any CPU.ActiveCfg = Debug|Any CPU
		{AE462679-CB9C-4C98-95DE-1E4606B6E7F0}.Debug|Any CPU.Build.0 = Debug|Any CPU
		{AE462679-CB9C-4C98-95DE-1E4606B6E7F0}.Release|Any CPU.ActiveCfg = Release|Any CPU
		{AE462679-CB9C-4C98-95DE-1E4606B6E7F0}.Release|Any CPU.Build.0 = Release|Any CPU
	EndGlobalSection
	GlobalSection(SolutionProperties) = preSolution
		HideSolutionNode = FALSE
	EndGlobalSection
	GlobalSection(ExtensibilityGlobals) = postSolution
		SolutionGuid = {B1F86C0B-665E-4DEC-81AD-49318A1188E0}
	EndGlobalSection
EndGlobal
