
Microsoft Visual Studio Solution File, Format Version 12.00
# Visual Studio Version 16
VisualStudioVersion = 16.0.32602.291
MinimumVisualStudioVersion = 10.0.40219.1
Project("{FAE04EC0-301F-11D3-BF4B-00C04F79EFBC}") = "LabRab3-sr-3", "LabRab3-sr-3\LabRab3-sr-3.csproj", "{15DB6D77-766A-4973-9A75-5906D64C5545}"
EndProject
Global
	GlobalSection(SolutionConfigurationPlatforms) = preSolution
		Debug|Any CPU = Debug|Any CPU
		Release|Any CPU = Release|Any CPU
	EndGlobalSection
	GlobalSection(ProjectConfigurationPlatforms) = postSolution
		{15DB6D77-766A-4973-9A75-5906D64C5545}.Debug|Any CPU.ActiveCfg = Debug|Any CPU
		{15DB6D77-766A-4973-9A75-5906D64C5545}.Debug|Any CPU.Build.0 = Debug|Any CPU
		{15DB6D77-766A-4973-9A75-5906D64C5545}.Release|Any CPU.ActiveCfg = Release|Any CPU
		{15DB6D77-766A-4973-9A75-5906D64C5545}.Release|Any CPU.Build.0 = Release|Any CPU
	EndGlobalSection
	GlobalSection(SolutionProperties) = preSolution
		HideSolutionNode = FALSE
	EndGlobalSection
	GlobalSection(ExtensibilityGlobals) = postSolution
		SolutionGuid = {B197C0D7-0819-4A25-9A74-D2C7C4E06087}
	EndGlobalSection
EndGlobal
