
Microsoft Visual Studio Solution File, Format Version 12.00
# Visual Studio Version 16
VisualStudioVersion = 16.0.32602.291
MinimumVisualStudioVersion = 10.0.40219.1
Project("{FAE04EC0-301F-11D3-BF4B-00C04F79EFBC}") = "LabRab4-2", "LabRab4-2\LabRab4-2.csproj", "{5970C115-4136-4252-B978-11EAF288EB52}"
EndProject
Global
	GlobalSection(SolutionConfigurationPlatforms) = preSolution
		Debug|Any CPU = Debug|Any CPU
		Release|Any CPU = Release|Any CPU
	EndGlobalSection
	GlobalSection(ProjectConfigurationPlatforms) = postSolution
		{5970C115-4136-4252-B978-11EAF288EB52}.Debug|Any CPU.ActiveCfg = Debug|Any CPU
		{5970C115-4136-4252-B978-11EAF288EB52}.Debug|Any CPU.Build.0 = Debug|Any CPU
		{5970C115-4136-4252-B978-11EAF288EB52}.Release|Any CPU.ActiveCfg = Release|Any CPU
		{5970C115-4136-4252-B978-11EAF288EB52}.Release|Any CPU.Build.0 = Release|Any CPU
	EndGlobalSection
	GlobalSection(SolutionProperties) = preSolution
		HideSolutionNode = FALSE
	EndGlobalSection
	GlobalSection(ExtensibilityGlobals) = postSolution
		SolutionGuid = {8F73888A-C30D-44A8-8C6F-C2643C6CD38B}
	EndGlobalSection
EndGlobal
